
Microsoft Visual Studio Solution File, Format Version 12.00
# Visual Studio Version 17
VisualStudioVersion = 17.9.34607.119
MinimumVisualStudioVersion = 10.0.40219.1
Project("{9A19103F-16F7-4668-BE54-9A1E7A4F7556}") = "Reporteador", "Reporteador\Reporteador.csproj", "{97E10439-815D-4CFA-9107-4A9BA0CCB43C}"
EndProject
Project("{9A19103F-16F7-4668-BE54-9A1E7A4F7556}") = "RDLC", "RDLC\RDLC.csproj", "{5396E302-A3A1-41C1-87E9-79989E6F29F8}"
EndProject
Global
	GlobalSection(SolutionConfigurationPlatforms) = preSolution
		Debug|Any CPU = Debug|Any CPU
		Debug|x64 = Debug|x64
		Release|Any CPU = Release|Any CPU
		Release|x64 = Release|x64
	EndGlobalSection
	GlobalSection(ProjectConfigurationPlatforms) = postSolution
		{97E10439-815D-4CFA-9107-4A9BA0CCB43C}.Debug|Any CPU.ActiveCfg = Debug|Any CPU
		{97E10439-815D-4CFA-9107-4A9BA0CCB43C}.Debug|Any CPU.Build.0 = Debug|Any CPU
		{97E10439-815D-4CFA-9107-4A9BA0CCB43C}.Debug|x64.ActiveCfg = Debug|x64
		{97E10439-815D-4CFA-9107-4A9BA0CCB43C}.Debug|x64.Build.0 = Debug|x64
		{97E10439-815D-4CFA-9107-4A9BA0CCB43C}.Release|Any CPU.ActiveCfg = Release|Any CPU
		{97E10439-815D-4CFA-9107-4A9BA0CCB43C}.Release|Any CPU.Build.0 = Release|Any CPU
		{97E10439-815D-4CFA-9107-4A9BA0CCB43C}.Release|x64.ActiveCfg = Release|x64
		{97E10439-815D-4CFA-9107-4A9BA0CCB43C}.Release|x64.Build.0 = Release|x64
		{5396E302-A3A1-41C1-87E9-79989E6F29F8}.Debug|Any CPU.ActiveCfg = Debug|Any CPU
		{5396E302-A3A1-41C1-87E9-79989E6F29F8}.Debug|Any CPU.Build.0 = Debug|Any CPU
		{5396E302-A3A1-41C1-87E9-79989E6F29F8}.Debug|x64.ActiveCfg = Debug|x64
		{5396E302-A3A1-41C1-87E9-79989E6F29F8}.Debug|x64.Build.0 = Debug|x64
		{5396E302-A3A1-41C1-87E9-79989E6F29F8}.Release|Any CPU.ActiveCfg = Release|Any CPU
		{5396E302-A3A1-41C1-87E9-79989E6F29F8}.Release|Any CPU.Build.0 = Release|Any CPU
		{5396E302-A3A1-41C1-87E9-79989E6F29F8}.Release|x64.ActiveCfg = Release|x64
		{5396E302-A3A1-41C1-87E9-79989E6F29F8}.Release|x64.Build.0 = Release|x64
	EndGlobalSection
	GlobalSection(SolutionProperties) = preSolution
		HideSolutionNode = FALSE
	EndGlobalSection
	GlobalSection(ExtensibilityGlobals) = postSolution
		SolutionGuid = {2409E4EB-96D0-4759-8759-96E6D6B78227}
	EndGlobalSection
EndGlobal
